// !$*UTF8*$!
{
	archiveVersion = 1;
	classes = {
	};
	objectVersion = 46;
	objects = {

/* Begin PBXBuildFile section */
		19D90ED41C9CB27D00D6971B /* main.m in Sources */ = {isa = PBXBuildFile; fileRef = 19D90ED31C9CB27D00D6971B /* main.m */; };
		19D90EDC1C9CB2DA00D6971B /* Name.m in Sources */ = {isa = PBXBuildFile; fileRef = 19D90EDB1C9CB2DA00D6971B /* Name.m */; };
		19D90EDF1C9CB61700D6971B /* Person.m in Sources */ = {isa = PBXBuildFile; fileRef = 19D90EDE1C9CB61700D6971B /* Person.m */; };
		19D90EE21C9CB6B700D6971B /* PhoneNumber.m in Sources */ = {isa = PBXBuildFile; fileRef = 19D90EE11C9CB6B700D6971B /* PhoneNumber.m */; };
		19D90EE61C9CDA6F00D6971B /* NSString+PhoneFormatting.m in Sources */ = {isa = PBXBuildFile; fileRef = 19D90EE51C9CDA6F00D6971B /* NSString+PhoneFormatting.m */; };
/* End PBXBuildFile section */

/* Begin PBXCopyFilesBuildPhase section */
		19D90ECE1C9CB27D00D6971B /* CopyFiles */ = {
			isa = PBXCopyFilesBuildPhase;
			buildActionMask = 2147483647;
			dstPath = /usr/share/man/man1/;
			dstSubfolderSpec = 0;
			files = (
			);
			runOnlyForDeploymentPostprocessing = 1;
		};
/* End PBXCopyFilesBuildPhase section */

/* Begin PBXFileReference section */
		19D90ED01C9CB27D00D6971B /* contact-list */ = {isa = PBXFileReference; explicitFileType = "compiled.mach-o.executable"; includeInIndex = 0; path = "contact-list"; sourceTree = BUILT_PRODUCTS_DIR; };
		19D90ED31C9CB27D00D6971B /* main.m */ = {isa = PBXFileReference; lastKnownFileType = sourcecode.c.objc; path = main.m; sourceTree = "<group>"; };
		19D90EDA1C9CB2DA00D6971B /* Name.h */ = {isa = PBXFileReference; fileEncoding = 4; lastKnownFileType = sourcecode.c.h; path = Name.h; sourceTree = "<group>"; };
		19D90EDB1C9CB2DA00D6971B /* Name.m */ = {isa = PBXFileReference; fileEncoding = 4; lastKnownFileType = sourcecode.c.objc; path = Name.m; sourceTree = "<group>"; };
		19D90EDD1C9CB61700D6971B /* Person.h */ = {isa = PBXFileReference; fileEncoding = 4; lastKnownFileType = sourcecode.c.h; path = Person.h; sourceTree = "<group>"; };
		19D90EDE1C9CB61700D6971B /* Person.m */ = {isa = PBXFileReference; fileEncoding = 4; lastKnownFileType = sourcecode.c.objc; path = Person.m; sourceTree = "<group>"; };
		19D90EE01C9CB6B700D6971B /* PhoneNumber.h */ = {isa = PBXFileReference; fileEncoding = 4; lastKnownFileType = sourcecode.c.h; path = PhoneNumber.h; sourceTree = "<group>"; };
		19D90EE11C9CB6B700D6971B /* PhoneNumber.m */ = {isa = PBXFileReference; fileEncoding = 4; lastKnownFileType = sourcecode.c.objc; path = PhoneNumber.m; sourceTree = "<group>"; };
		19D90EE41C9CDA6F00D6971B /* NSString+PhoneFormatting.h */ = {isa = PBXFileReference; fileEncoding = 4; lastKnownFileType = sourcecode.c.h; name = "NSString+PhoneFormatting.h"; path = "../NSString+PhoneFormatting.h"; sourceTree = "<group>"; };
		19D90EE51C9CDA6F00D6971B /* NSString+PhoneFormatting.m */ = {isa = PBXFileReference; fileEncoding = 4; lastKnownFileType = sourcecode.c.objc; name = "NSString+PhoneFormatting.m"; path = "../NSString+PhoneFormatting.m"; sourceTree = "<group>"; };
/* End PBXFileReference section */

/* Begin PBXFrameworksBuildPhase section */
		19D90ECD1C9CB27D00D6971B /* Frameworks */ = {
			isa = PBXFrameworksBuildPhase;
			buildActionMask = 2147483647;
			files = (
			);
			runOnlyForDeploymentPostprocessing = 0;
		};
/* End PBXFrameworksBuildPhase section */

/* Begin PBXGroup section */
		19D90EC71C9CB27D00D6971B = {
			isa = PBXGroup;
			children = (
				19D90ED21C9CB27D00D6971B /* contact-list */,
				19D90ED11C9CB27D00D6971B /* Products */,
			);
			sourceTree = "<group>";
		};
		19D90ED11C9CB27D00D6971B /* Products */ = {
			isa = PBXGroup;
			children = (
				19D90ED01C9CB27D00D6971B /* contact-list */,
			);
			name = Products;
			sourceTree = "<group>";
		};
		19D90ED21C9CB27D00D6971B /* contact-list */ = {
			isa = PBXGroup;
			children = (
				19D90ED31C9CB27D00D6971B /* main.m */,
				19D90EE41C9CDA6F00D6971B /* NSString+PhoneFormatting.h */,
				19D90EE51C9CDA6F00D6971B /* NSString+PhoneFormatting.m */,
				19D90EDA1C9CB2DA00D6971B /* Name.h */,
				19D90EDB1C9CB2DA00D6971B /* Name.m */,
				19D90EDD1C9CB61700D6971B /* Person.h */,
				19D90EDE1C9CB61700D6971B /* Person.m */,
				19D90EE01C9CB6B700D6971B /* PhoneNumber.h */,
				19D90EE11C9CB6B700D6971B /* PhoneNumber.m */,
			);
			path = "contact-list";
			sourceTree = "<group>";
		};
/* End PBXGroup section */

/* Begin PBXNativeTarget section */
		19D90ECF1C9CB27D00D6971B /* contact-list */ = {
			isa = PBXNativeTarget;
			buildConfigurationList = 19D90ED71C9CB27D00D6971B /* Build configuration list for PBXNativeTarget "contact-list" */;
			buildPhases = (
				19D90ECC1C9CB27D00D6971B /* Sources */,
				19D90ECD1C9CB27D00D6971B /* Frameworks */,
				19D90ECE1C9CB27D00D6971B /* CopyFiles */,
			);
			buildRules = (
			);
			dependencies = (
			);
			name = "contact-list";
			productName = "contact-list";
			productReference = 19D90ED01C9CB27D00D6971B /* contact-list */;
			productType = "com.apple.product-type.tool";
		};
/* End PBXNativeTarget section */

/* Begin PBXProject section */
		19D90EC81C9CB27D00D6971B /* Project object */ = {
			isa = PBXProject;
			attributes = {
				LastUpgradeCheck = 0720;
				ORGANIZATIONNAME = "Derek Cuevas";
				TargetAttributes = {
					19D90ECF1C9CB27D00D6971B = {
						CreatedOnToolsVersion = 7.2.1;
					};
				};
			};
			buildConfigurationList = 19D90ECB1C9CB27D00D6971B /* Build configuration list for PBXProject "contact-list" */;
			compatibilityVersion = "Xcode 3.2";
			developmentRegion = English;
			hasScannedForEncodings = 0;
			knownRegions = (
				en,
			);
			mainGroup = 19D90EC71C9CB27D00D6971B;
			productRefGroup = 19D90ED11C9CB27D00D6971B /* Products */;
			projectDirPath = "";
			projectRoot = "";
			targets = (
				19D90ECF1C9CB27D00D6971B /* contact-list */,
			);
		};
/* End PBXProject section */

/* Begin PBXSourcesBuildPhase section */
		19D90ECC1C9CB27D00D6971B /* Sources */ = {
			isa = PBXSourcesBuildPhase;
			buildActionMask = 2147483647;
			files = (
				19D90EDF1C9CB61700D6971B /* Person.m in Sources */,
				19D90EDC1C9CB2DA00D6971B /* Name.m in Sources */,
				19D90ED41C9CB27D00D6971B /* main.m in Sources */,
				19D90EE21C9CB6B700D6971B /* PhoneNumber.m in Sources */,
				19D90EE61C9CDA6F00D6971B /* NSString+PhoneFormatting.m in Sources */,
			);
			runOnlyForDeploymentPostprocessing = 0;
		};
/* End PBXSourcesBuildPhase section */

/* Begin XCBuildConfiguration section */
		19D90ED51C9CB27D00D6971B /* Debug */ = {
			isa = XCBuildConfiguration;
			buildSettings = {
				ALWAYS_SEARCH_USER_PATHS = NO;
				CLANG_CXX_LANGUAGE_STANDARD = "gnu++0x";
				CLANG_CXX_LIBRARY = "libc++";
				CLANG_ENABLE_MODULES = YES;
				CLANG_ENABLE_OBJC_ARC = YES;
				CLANG_WARN_BOOL_CONVERSION = YES;
				CLANG_WARN_CONSTANT_CONVERSION = YES;
				CLANG_WARN_DIRECT_OBJC_ISA_USAGE = YES_ERROR;
				CLANG_WARN_EMPTY_BODY = YES;
				CLANG_WARN_ENUM_CONVERSION = YES;
				CLANG_WARN_INT_CONVERSION = YES;
				CLANG_WARN_OBJC_ROOT_CLASS = YES_ERROR;
				CLANG_WARN_UNREACHABLE_CODE = YES;
				CLANG_WARN__DUPLICATE_METHOD_MATCH = YES;
				CODE_SIGN_IDENTITY = "-";
				COPY_PHASE_STRIP = NO;
				DEBUG_INFORMATION_FORMAT = dwarf;
				ENABLE_STRICT_OBJC_MSGSEND = YES;
				ENABLE_TESTABILITY = YES;
				GCC_C_LANGUAGE_STANDARD = gnu99;
				GCC_DYNAMIC_NO_PIC = NO;
				GCC_NO_COMMON_BLOCKS = YES;
				GCC_OPTIMIZATION_LEVEL = 0;
				GCC_PREPROCESSOR_DEFINITIONS = (
					"DEBUG=1",
					"$(inherited)",
				);
				GCC_WARN_64_TO_32_BIT_CONVERSION = YES;
				GCC_WARN_ABOUT_RETURN_TYPE = YES_ERROR;
				GCC_WARN_UNDECLARED_SELECTOR = YES;
				GCC_WARN_UNINITIALIZED_AUTOS = YES_AGGRESSIVE;
				GCC_WARN_UNUSED_FUNCTION = YES;
				GCC_WARN_UNUSED_VARIABLE = YES;
				MACOSX_DEPLOYMENT_TARGET = 10.11;
				MTL_ENABLE_DEBUG_INFO = YES;
				ONLY_ACTIVE_ARCH = YES;
				SDKROOT = macosx;
			};
			name = Debug;
		};
		19D90ED61C9CB27D00D6971B /* Release */ = {
			isa = XCBuildConfiguration;
			buildSettings = {
				ALWAYS_SEARCH_USER_PATHS = NO;
				CLANG_CXX_LANGUAGE_STANDARD = "gnu++0x";
				CLANG_CXX_LIBRARY = "libc++";
				CLANG_ENABLE_MODULES = YES;
				CLANG_ENABLE_OBJC_ARC = YES;
				CLANG_WARN_BOOL_CONVERSION = YES;
				CLANG_WARN_CONSTANT_CONVERSION = YES;
				CLANG_WARN_DIRECT_OBJC_ISA_USAGE = YES_ERROR;
				CLANG_WARN_EMPTY_BODY = YES;
				CLANG_WARN_ENUM_CONVERSION = YES;
				CLANG_WARN_INT_CONVERSION = YES;
				CLANG_WARN_OBJC_ROOT_CLASS = YES_ERROR;
				CLANG_WARN_UNREACHABLE_CODE = YES;
				CLANG_WARN__DUPLICATE_METHOD_MATCH = YES;
				CODE_SIGN_IDENTITY = "-";
				COPY_PHASE_STRIP = NO;
				DEBUG_INFORMATION_FORMAT = "dwarf-with-dsym";
				ENABLE_NS_ASSERTIONS = NO;
				ENABLE_STRICT_OBJC_MSGSEND = YES;
				GCC_C_LANGUAGE_STANDARD = gnu99;
				GCC_NO_COMMON_BLOCKS = YES;
				GCC_WARN_64_TO_32_BIT_CONVERSION = YES;
				GCC_WARN_ABOUT_RETURN_TYPE = YES_ERROR;
				GCC_WARN_UNDECLARED_SELECTOR = YES;
				GCC_WARN_UNINITIALIZED_AUTOS = YES_AGGRESSIVE;
				GCC_WARN_UNUSED_FUNCTION = YES;
				GCC_WARN_UNUSED_VARIABLE = YES;
				MACOSX_DEPLOYMENT_TARGET = 10.11;
				MTL_ENABLE_DEBUG_INFO = NO;
				SDKROOT = macosx;
			};
			name = Release;
		};
		19D90ED81C9CB27D00D6971B /* Debug */ = {
			isa = XCBuildConfiguration;
			buildSettings = {
				PRODUCT_NAME = "$(TARGET_NAME)";
			};
			name = Debug;
		};
		19D90ED91C9CB27D00D6971B /* Release */ = {
			isa = XCBuildConfiguration;
			buildSettings = {
				PRODUCT_NAME = "$(TARGET_NAME)";
			};
			name = Release;
		};
/* End XCBuildConfiguration section */

/* Begin XCConfigurationList section */
		19D90ECB1C9CB27D00D6971B /* Build configuration list for PBXProject "contact-list" */ = {
			isa = XCConfigurationList;
			buildConfigurations = (
				19D90ED51C9CB27D00D6971B /* Debug */,
				19D90ED61C9CB27D00D6971B /* Release */,
			);
			defaultConfigurationIsVisible = 0;
			defaultConfigurationName = Release;
		};
		19D90ED71C9CB27D00D6971B /* Build configuration list for PBXNativeTarget "contact-list" */ = {
			isa = XCConfigurationList;
			buildConfigurations = (
				19D90ED81C9CB27D00D6971B /* Debug */,
				19D90ED91C9CB27D00D6971B /* Release */,
			);
			defaultConfigurationIsVisible = 0;
			defaultConfigurationName = Release;
		};
/* End XCConfigurationList section */
	};
	rootObject = 19D90EC81C9CB27D00D6971B /* Project object */;
}
